
Microsoft Visual Studio Solution File, Format Version 12.00
# Visual Studio Version 16
VisualStudioVersion = 16.0.30717.126
MinimumVisualStudioVersion = 15.0.26124.0
Project("{9A19103F-16F7-4668-BE54-9A1E7A4F7556}") = "Minsk.Interactive", "Minsk.Interactive\Minsk.Interactive.csproj", "{71C6780C-E12A-4A4A-B4BC-02C2EE3CD273}"
EndProject
Project("{9A19103F-16F7-4668-BE54-9A1E7A4F7556}") = "Minsk", "Minsk\Minsk.csproj", "{915C3DDE-836D-4334-91CF-BE1633E4E23C}"
EndProject
Project("{9A19103F-16F7-4668-BE54-9A1E7A4F7556}") = "Minsk.UnitTests", "Minsk.UnitTests\Minsk.UnitTests.csproj", "{FF255B63-5DE2-4402-8BD2-6FC4CCAE4F51}"
EndProject
Project("{FAE04EC0-301F-11D3-BF4B-00C04F79EFBC}") = "Minsk.Compiler", "Minsk.Compiler\Minsk.Compiler.csproj", "{9365AF42-5D44-40BD-A69A-F55B30C7642F}"
EndProject
Global
	GlobalSection(SolutionConfigurationPlatforms) = preSolution
		Debug|Any CPU = Debug|Any CPU
		Debug|x64 = Debug|x64
		Debug|x86 = Debug|x86
		Release|Any CPU = Release|Any CPU
		Release|x64 = Release|x64
		Release|x86 = Release|x86
	EndGlobalSection
	GlobalSection(ProjectConfigurationPlatforms) = postSolution
		{71C6780C-E12A-4A4A-B4BC-02C2EE3CD273}.Debug|Any CPU.ActiveCfg = Debug|Any CPU
		{71C6780C-E12A-4A4A-B4BC-02C2EE3CD273}.Debug|Any CPU.Build.0 = Debug|Any CPU
		{71C6780C-E12A-4A4A-B4BC-02C2EE3CD273}.Debug|x64.ActiveCfg = Debug|Any CPU
		{71C6780C-E12A-4A4A-B4BC-02C2EE3CD273}.Debug|x64.Build.0 = Debug|Any CPU
		{71C6780C-E12A-4A4A-B4BC-02C2EE3CD273}.Debug|x86.ActiveCfg = Debug|Any CPU
		{71C6780C-E12A-4A4A-B4BC-02C2EE3CD273}.Debug|x86.Build.0 = Debug|Any CPU
		{71C6780C-E12A-4A4A-B4BC-02C2EE3CD273}.Release|Any CPU.ActiveCfg = Release|Any CPU
		{71C6780C-E12A-4A4A-B4BC-02C2EE3CD273}.Release|Any CPU.Build.0 = Release|Any CPU
		{71C6780C-E12A-4A4A-B4BC-02C2EE3CD273}.Release|x64.ActiveCfg = Release|Any CPU
		{71C6780C-E12A-4A4A-B4BC-02C2EE3CD273}.Release|x64.Build.0 = Release|Any CPU
		{71C6780C-E12A-4A4A-B4BC-02C2EE3CD273}.Release|x86.ActiveCfg = Release|Any CPU
		{71C6780C-E12A-4A4A-B4BC-02C2EE3CD273}.Release|x86.Build.0 = Release|Any CPU
		{915C3DDE-836D-4334-91CF-BE1633E4E23C}.Debug|Any CPU.ActiveCfg = Debug|Any CPU
		{915C3DDE-836D-4334-91CF-BE1633E4E23C}.Debug|Any CPU.Build.0 = Debug|Any CPU
		{915C3DDE-836D-4334-91CF-BE1633E4E23C}.Debug|x64.ActiveCfg = Debug|Any CPU
		{915C3DDE-836D-4334-91CF-BE1633E4E23C}.Debug|x64.Build.0 = Debug|Any CPU
		{915C3DDE-836D-4334-91CF-BE1633E4E23C}.Debug|x86.ActiveCfg = Debug|Any CPU
		{915C3DDE-836D-4334-91CF-BE1633E4E23C}.Debug|x86.Build.0 = Debug|Any CPU
		{915C3DDE-836D-4334-91CF-BE1633E4E23C}.Release|Any CPU.ActiveCfg = Release|Any CPU
		{915C3DDE-836D-4334-91CF-BE1633E4E23C}.Release|Any CPU.Build.0 = Release|Any CPU
		{915C3DDE-836D-4334-91CF-BE1633E4E23C}.Release|x64.ActiveCfg = Release|Any CPU
		{915C3DDE-836D-4334-91CF-BE1633E4E23C}.Release|x64.Build.0 = Release|Any CPU
		{915C3DDE-836D-4334-91CF-BE1633E4E23C}.Release|x86.ActiveCfg = Release|Any CPU
		{915C3DDE-836D-4334-91CF-BE1633E4E23C}.Release|x86.Build.0 = Release|Any CPU
		{FF255B63-5DE2-4402-8BD2-6FC4CCAE4F51}.Debug|Any CPU.ActiveCfg = Debug|Any CPU
		{FF255B63-5DE2-4402-8BD2-6FC4CCAE4F51}.Debug|Any CPU.Build.0 = Debug|Any CPU
		{FF255B63-5DE2-4402-8BD2-6FC4CCAE4F51}.Debug|x64.ActiveCfg = Debug|Any CPU
		{FF255B63-5DE2-4402-8BD2-6FC4CCAE4F51}.Debug|x64.Build.0 = Debug|Any CPU
		{FF255B63-5DE2-4402-8BD2-6FC4CCAE4F51}.Debug|x86.ActiveCfg = Debug|Any CPU
		{FF255B63-5DE2-4402-8BD2-6FC4CCAE4F51}.Debug|x86.Build.0 = Debug|Any CPU
		{FF255B63-5DE2-4402-8BD2-6FC4CCAE4F51}.Release|Any CPU.ActiveCfg = Release|Any CPU
		{FF255B63-5DE2-4402-8BD2-6FC4CCAE4F51}.Release|Any CPU.Build.0 = Release|Any CPU
		{FF255B63-5DE2-4402-8BD2-6FC4CCAE4F51}.Release|x64.ActiveCfg = Release|Any CPU
		{FF255B63-5DE2-4402-8BD2-6FC4CCAE4F51}.Release|x64.Build.0 = Release|Any CPU
		{FF255B63-5DE2-4402-8BD2-6FC4CCAE4F51}.Release|x86.ActiveCfg = Release|Any CPU
		{FF255B63-5DE2-4402-8BD2-6FC4CCAE4F51}.Release|x86.Build.0 = Release|Any CPU
		{9365AF42-5D44-40BD-A69A-F55B30C7642F}.Debug|Any CPU.ActiveCfg = Debug|Any CPU
		{9365AF42-5D44-40BD-A69A-F55B30C7642F}.Debug|Any CPU.Build.0 = Debug|Any CPU
		{9365AF42-5D44-40BD-A69A-F55B30C7642F}.Debug|x64.ActiveCfg = Debug|Any CPU
		{9365AF42-5D44-40BD-A69A-F55B30C7642F}.Debug|x64.Build.0 = Debug|Any CPU
		{9365AF42-5D44-40BD-A69A-F55B30C7642F}.Debug|x86.ActiveCfg = Debug|Any CPU
		{9365AF42-5D44-40BD-A69A-F55B30C7642F}.Debug|x86.Build.0 = Debug|Any CPU
		{9365AF42-5D44-40BD-A69A-F55B30C7642F}.Release|Any CPU.ActiveCfg = Release|Any CPU
		{9365AF42-5D44-40BD-A69A-F55B30C7642F}.Release|Any CPU.Build.0 = Release|Any CPU
		{9365AF42-5D44-40BD-A69A-F55B30C7642F}.Release|x64.ActiveCfg = Release|Any CPU
		{9365AF42-5D44-40BD-A69A-F55B30C7642F}.Release|x64.Build.0 = Release|Any CPU
		{9365AF42-5D44-40BD-A69A-F55B30C7642F}.Release|x86.ActiveCfg = Release|Any CPU
		{9365AF42-5D44-40BD-A69A-F55B30C7642F}.Release|x86.Build.0 = Release|Any CPU
	EndGlobalSection
	GlobalSection(SolutionProperties) = preSolution
		HideSolutionNode = FALSE
	EndGlobalSection
	GlobalSection(ExtensibilityGlobals) = postSolution
		SolutionGuid = {F7978EEF-EA68-4445-96AB-692235096FD8}
	EndGlobalSection
EndGlobal
